
Microsoft Visual Studio Solution File, Format Version 12.00
# Visual Studio Version 16
VisualStudioVersion = 16.0.32002.261
MinimumVisualStudioVersion = 10.0.40219.1
Project("{9A19103F-16F7-4668-BE54-9A1E7A4F7556}") = "KPNoYandexV", "KPNoYandexV\KPNoYandexV.csproj", "{DB108A96-7612-4BD4-96E2-6C3BE3887D4E}"
EndProject
Global
	GlobalSection(SolutionConfigurationPlatforms) = preSolution
		Debug|Any CPU = Debug|Any CPU
		Release|Any CPU = Release|Any CPU
	EndGlobalSection
	GlobalSection(ProjectConfigurationPlatforms) = postSolution
		{DB108A96-7612-4BD4-96E2-6C3BE3887D4E}.Debug|Any CPU.ActiveCfg = Debug|Any CPU
		{DB108A96-7612-4BD4-96E2-6C3BE3887D4E}.Debug|Any CPU.Build.0 = Debug|Any CPU
		{DB108A96-7612-4BD4-96E2-6C3BE3887D4E}.Release|Any CPU.ActiveCfg = Release|Any CPU
		{DB108A96-7612-4BD4-96E2-6C3BE3887D4E}.Release|Any CPU.Build.0 = Release|Any CPU
	EndGlobalSection
	GlobalSection(SolutionProperties) = preSolution
		HideSolutionNode = FALSE
	EndGlobalSection
	GlobalSection(ExtensibilityGlobals) = postSolution
		SolutionGuid = {4C1FC17F-E647-42E9-B981-888733C9EC86}
	EndGlobalSection
EndGlobal
